
Microsoft Visual Studio Solution File, Format Version 12.00
# Visual Studio Version 16
VisualStudioVersion = 16.0.30621.155
MinimumVisualStudioVersion = 10.0.40219.1
Project("{9A19103F-16F7-4668-BE54-9A1E7A4F7556}") = "movieApi", "movieApi.csproj", "{3A890DA3-1988-467B-801A-186205D25F7F}"
EndProject
Global
	GlobalSection(SolutionConfigurationPlatforms) = preSolution
		Debug|Any CPU = Debug|Any CPU
		Release|Any CPU = Release|Any CPU
	EndGlobalSection
	GlobalSection(ProjectConfigurationPlatforms) = postSolution
		{3A890DA3-1988-467B-801A-186205D25F7F}.Debug|Any CPU.ActiveCfg = Debug|Any CPU
		{3A890DA3-1988-467B-801A-186205D25F7F}.Debug|Any CPU.Build.0 = Debug|Any CPU
		{3A890DA3-1988-467B-801A-186205D25F7F}.Release|Any CPU.ActiveCfg = Release|Any CPU
		{3A890DA3-1988-467B-801A-186205D25F7F}.Release|Any CPU.Build.0 = Release|Any CPU
	EndGlobalSection
	GlobalSection(SolutionProperties) = preSolution
		HideSolutionNode = FALSE
	EndGlobalSection
	GlobalSection(ExtensibilityGlobals) = postSolution
		SolutionGuid = {498EFBCE-6864-42E9-BB78-419F262D8E60}
	EndGlobalSection
EndGlobal
